
Microsoft Visual Studio Solution File, Format Version 12.00
# Visual Studio Version 16
VisualStudioVersion = 16.0.30503.244
MinimumVisualStudioVersion = 10.0.40219.1
Project("{159641D6-6404-4A2A-AE62-294DE0FE8301}") = "SSIS Conversion Task - CDW", "SSIS Conversion Task - CDW.dtproj", "{7A1CD832-A846-48EA-A3A5-DB1BB1EFD97F}"
EndProject
Global
	GlobalSection(SolutionConfigurationPlatforms) = preSolution
		Development|Default = Development|Default
	EndGlobalSection
	GlobalSection(ProjectConfigurationPlatforms) = postSolution
		{7A1CD832-A846-48EA-A3A5-DB1BB1EFD97F}.Development|Default.ActiveCfg = Development
		{7A1CD832-A846-48EA-A3A5-DB1BB1EFD97F}.Development|Default.Build.0 = Development
	EndGlobalSection
	GlobalSection(SolutionProperties) = preSolution
		HideSolutionNode = FALSE
	EndGlobalSection
	GlobalSection(ExtensibilityGlobals) = postSolution
		SolutionGuid = {E424756F-29E4-425A-87BF-9470D36CB0A7}
	EndGlobalSection
EndGlobal
